
Microsoft Visual Studio Solution File, Format Version 12.00
# Visual Studio 15
VisualStudioVersion = 15.0.33026.149
MinimumVisualStudioVersion = 10.0.40219.1
Project("{FAE04EC0-301F-11D3-BF4B-00C04F79EFBC}") = "MVC.WebUI", "MVC.WebUI\MVC.WebUI.csproj", "{FDD3B9E9-2CA1-4628-9C54-CA5AD61A2F30}"
EndProject
Global
	GlobalSection(SolutionConfigurationPlatforms) = preSolution
		Debug|Any CPU = Debug|Any CPU
		Release|Any CPU = Release|Any CPU
	EndGlobalSection
	GlobalSection(ProjectConfigurationPlatforms) = postSolution
		{FDD3B9E9-2CA1-4628-9C54-CA5AD61A2F30}.Debug|Any CPU.ActiveCfg = Debug|Any CPU
		{FDD3B9E9-2CA1-4628-9C54-CA5AD61A2F30}.Debug|Any CPU.Build.0 = Debug|Any CPU
		{FDD3B9E9-2CA1-4628-9C54-CA5AD61A2F30}.Release|Any CPU.ActiveCfg = Release|Any CPU
		{FDD3B9E9-2CA1-4628-9C54-CA5AD61A2F30}.Release|Any CPU.Build.0 = Release|Any CPU
	EndGlobalSection
	GlobalSection(SolutionProperties) = preSolution
		HideSolutionNode = FALSE
	EndGlobalSection
	GlobalSection(ExtensibilityGlobals) = postSolution
		SolutionGuid = {89F74203-8860-45CC-AC94-1B884F19269F}
	EndGlobalSection
EndGlobal
